
Microsoft Visual Studio Solution File, Format Version 12.00
# Visual Studio 15
Project("{FAE04EC0-301F-11D3-BF4B-00C04F79EFBC}") = "VuforiaScripts", "VuforiaScripts.csproj", "{50A9D107-235A-61A4-E052-74C9FEFA8E01}"
EndProject
Project("{FAE04EC0-301F-11D3-BF4B-00C04F79EFBC}") = "Assembly-CSharp", "Assembly-CSharp.csproj", "{9C1EC5D0-6DE5-E556-C9C9-632E9825D2EA}"
EndProject
Project("{FAE04EC0-301F-11D3-BF4B-00C04F79EFBC}") = "VuforiaEditorScripts", "VuforiaEditorScripts.csproj", "{DF4A2E04-F4D5-B5E2-1377-A4923CA4BF09}"
EndProject
Global
	GlobalSection(SolutionConfigurationPlatforms) = preSolution
		Debug|Any CPU = Debug|Any CPU
		Release|Any CPU = Release|Any CPU
	EndGlobalSection
	GlobalSection(ProjectConfigurationPlatforms) = postSolution
		{50A9D107-235A-61A4-E052-74C9FEFA8E01}.Debug|Any CPU.ActiveCfg = Debug|Any CPU
		{50A9D107-235A-61A4-E052-74C9FEFA8E01}.Debug|Any CPU.Build.0 = Debug|Any CPU
		{50A9D107-235A-61A4-E052-74C9FEFA8E01}.Release|Any CPU.ActiveCfg = Release|Any CPU
		{50A9D107-235A-61A4-E052-74C9FEFA8E01}.Release|Any CPU.Build.0 = Release|Any CPU
		{9C1EC5D0-6DE5-E556-C9C9-632E9825D2EA}.Debug|Any CPU.ActiveCfg = Debug|Any CPU
		{9C1EC5D0-6DE5-E556-C9C9-632E9825D2EA}.Debug|Any CPU.Build.0 = Debug|Any CPU
		{9C1EC5D0-6DE5-E556-C9C9-632E9825D2EA}.Release|Any CPU.ActiveCfg = Release|Any CPU
		{9C1EC5D0-6DE5-E556-C9C9-632E9825D2EA}.Release|Any CPU.Build.0 = Release|Any CPU
		{DF4A2E04-F4D5-B5E2-1377-A4923CA4BF09}.Debug|Any CPU.ActiveCfg = Debug|Any CPU
		{DF4A2E04-F4D5-B5E2-1377-A4923CA4BF09}.Debug|Any CPU.Build.0 = Debug|Any CPU
		{DF4A2E04-F4D5-B5E2-1377-A4923CA4BF09}.Release|Any CPU.ActiveCfg = Release|Any CPU
		{DF4A2E04-F4D5-B5E2-1377-A4923CA4BF09}.Release|Any CPU.Build.0 = Release|Any CPU
	EndGlobalSection
	GlobalSection(SolutionProperties) = preSolution
		HideSolutionNode = FALSE
	EndGlobalSection
EndGlobal
